
Microsoft Visual Studio Solution File, Format Version 12.00
# Visual Studio Version 16
VisualStudioVersion = 16.0.29613.14
MinimumVisualStudioVersion = 10.0.40219.1
Project("{2150E333-8FDC-42A3-9474-1A3956D46DE8}") = "Modul", "Modul", "{3F5234F9-87A3-4DF4-8280-008E1A9F58DA}"
EndProject
Project("{2150E333-8FDC-42A3-9474-1A3956D46DE8}") = "UI", "UI", "{184BE546-A360-4FFC-984D-CBC72D33F393}"
EndProject
Project("{2150E333-8FDC-42A3-9474-1A3956D46DE8}") = "Core", "Core", "{D8B73C7A-0F27-40FE-BCC6-AFFB749FB585}"
EndProject
Project("{9A19103F-16F7-4668-BE54-9A1E7A4F7556}") = "SchoolApp.Web", "UI\SchoolApp.Web\SchoolApp.Web.csproj", "{1F53E2EB-71D2-4B83-A18B-C446E5A2ADF9}"
EndProject
Project("{9A19103F-16F7-4668-BE54-9A1E7A4F7556}") = "SchoolApp.Helper", "Core\SchoolApp.Helper\SchoolApp.Helper.csproj", "{D2861366-AE28-4C32-9EC8-CC1761BDEB51}"
EndProject
Project("{9A19103F-16F7-4668-BE54-9A1E7A4F7556}") = "SchoolApp.Infrastructure", "Core\SchoolApp.Infrastructure\SchoolApp.Infrastructure.csproj", "{598B2E92-3F8E-4E91-AF73-5DA3C6341293}"
EndProject
Project("{9A19103F-16F7-4668-BE54-9A1E7A4F7556}") = "SchoolApp.Model", "Core\SchoolApp.Model\SchoolApp.Model.csproj", "{1A9FD4E5-8C70-41A9-9CF0-8B6B73F416B1}"
EndProject
Project("{9A19103F-16F7-4668-BE54-9A1E7A4F7556}") = "SchoolApp.RepoEf", "Core\SchoolApp.RepoEf\SchoolApp.RepoEf.csproj", "{DB7C3BD9-AD00-44FF-BFF9-268ED42D399C}"
EndProject
Project("{2150E333-8FDC-42A3-9474-1A3956D46DE8}") = "SchoolManager", "SchoolManager", "{3B60FFA1-864E-4E62-B93B-4038D7866F65}"
EndProject
Project("{2150E333-8FDC-42A3-9474-1A3956D46DE8}") = "PostManager", "PostManager", "{6473C63B-B92A-4D82-B5B0-38702BD680CE}"
EndProject
Project("{9A19103F-16F7-4668-BE54-9A1E7A4F7556}") = "SchoolApp.Modul.Post.Provider", "Modul\PostManager\SchoolApp.Modul.Post.Provider\SchoolApp.Modul.Post.Provider.csproj", "{67A04AB9-2BED-408A-839A-83EA16CDED8F}"
EndProject
Project("{9A19103F-16F7-4668-BE54-9A1E7A4F7556}") = "SchoolApp.Modul.Post.Logic", "Modul\PostManager\SchoolApp.Modul.Post.Logic\SchoolApp.Modul.Post.Logic.csproj", "{ADD1E100-8E9D-4E08-9E68-65E7A6858733}"
EndProject
Project("{9A19103F-16F7-4668-BE54-9A1E7A4F7556}") = "SchoolApp.Modul.School.Provider", "Modul\SchoolManager\SchoolApp.Modul.School.Provider\SchoolApp.Modul.School.Provider.csproj", "{B5FBE5B0-F28C-45B8-804E-ECE12A8D320A}"
EndProject
Project("{9A19103F-16F7-4668-BE54-9A1E7A4F7556}") = "SchoolApp.Modul.School.Logic", "Modul\SchoolManager\SchoolApp.Modul.School.Logic\SchoolApp.Modul.School.Logic.csproj", "{2C6FC3A7-1722-483C-B662-19096C21B686}"
EndProject
Project("{2150E333-8FDC-42A3-9474-1A3956D46DE8}") = "AccountManager", "AccountManager", "{137B7CD9-CF2F-4334-90F7-D0C316196A31}"
EndProject
Project("{FAE04EC0-301F-11D3-BF4B-00C04F79EFBC}") = "SchoolApp.Modul.AccountManager", "Modul\AccountManager\SchoolApp.Modul.AccountManager\SchoolApp.Modul.AccountManager.csproj", "{BE75ACFD-A19B-4283-8F54-F29F7D56C55F}"
EndProject
Global
	GlobalSection(SolutionConfigurationPlatforms) = preSolution
		Debug|Any CPU = Debug|Any CPU
		Release|Any CPU = Release|Any CPU
	EndGlobalSection
	GlobalSection(ProjectConfigurationPlatforms) = postSolution
		{1F53E2EB-71D2-4B83-A18B-C446E5A2ADF9}.Debug|Any CPU.ActiveCfg = Debug|Any CPU
		{1F53E2EB-71D2-4B83-A18B-C446E5A2ADF9}.Debug|Any CPU.Build.0 = Debug|Any CPU
		{1F53E2EB-71D2-4B83-A18B-C446E5A2ADF9}.Release|Any CPU.ActiveCfg = Release|Any CPU
		{1F53E2EB-71D2-4B83-A18B-C446E5A2ADF9}.Release|Any CPU.Build.0 = Release|Any CPU
		{D2861366-AE28-4C32-9EC8-CC1761BDEB51}.Debug|Any CPU.ActiveCfg = Debug|Any CPU
		{D2861366-AE28-4C32-9EC8-CC1761BDEB51}.Debug|Any CPU.Build.0 = Debug|Any CPU
		{D2861366-AE28-4C32-9EC8-CC1761BDEB51}.Release|Any CPU.ActiveCfg = Release|Any CPU
		{D2861366-AE28-4C32-9EC8-CC1761BDEB51}.Release|Any CPU.Build.0 = Release|Any CPU
		{598B2E92-3F8E-4E91-AF73-5DA3C6341293}.Debug|Any CPU.ActiveCfg = Debug|Any CPU
		{598B2E92-3F8E-4E91-AF73-5DA3C6341293}.Debug|Any CPU.Build.0 = Debug|Any CPU
		{598B2E92-3F8E-4E91-AF73-5DA3C6341293}.Release|Any CPU.ActiveCfg = Release|Any CPU
		{598B2E92-3F8E-4E91-AF73-5DA3C6341293}.Release|Any CPU.Build.0 = Release|Any CPU
		{1A9FD4E5-8C70-41A9-9CF0-8B6B73F416B1}.Debug|Any CPU.ActiveCfg = Debug|Any CPU
		{1A9FD4E5-8C70-41A9-9CF0-8B6B73F416B1}.Debug|Any CPU.Build.0 = Debug|Any CPU
		{1A9FD4E5-8C70-41A9-9CF0-8B6B73F416B1}.Release|Any CPU.ActiveCfg = Release|Any CPU
		{1A9FD4E5-8C70-41A9-9CF0-8B6B73F416B1}.Release|Any CPU.Build.0 = Release|Any CPU
		{DB7C3BD9-AD00-44FF-BFF9-268ED42D399C}.Debug|Any CPU.ActiveCfg = Debug|Any CPU
		{DB7C3BD9-AD00-44FF-BFF9-268ED42D399C}.Debug|Any CPU.Build.0 = Debug|Any CPU
		{DB7C3BD9-AD00-44FF-BFF9-268ED42D399C}.Release|Any CPU.ActiveCfg = Release|Any CPU
		{DB7C3BD9-AD00-44FF-BFF9-268ED42D399C}.Release|Any CPU.Build.0 = Release|Any CPU
		{67A04AB9-2BED-408A-839A-83EA16CDED8F}.Debug|Any CPU.ActiveCfg = Debug|Any CPU
		{67A04AB9-2BED-408A-839A-83EA16CDED8F}.Debug|Any CPU.Build.0 = Debug|Any CPU
		{67A04AB9-2BED-408A-839A-83EA16CDED8F}.Release|Any CPU.ActiveCfg = Release|Any CPU
		{67A04AB9-2BED-408A-839A-83EA16CDED8F}.Release|Any CPU.Build.0 = Release|Any CPU
		{ADD1E100-8E9D-4E08-9E68-65E7A6858733}.Debug|Any CPU.ActiveCfg = Debug|Any CPU
		{ADD1E100-8E9D-4E08-9E68-65E7A6858733}.Debug|Any CPU.Build.0 = Debug|Any CPU
		{ADD1E100-8E9D-4E08-9E68-65E7A6858733}.Release|Any CPU.ActiveCfg = Release|Any CPU
		{ADD1E100-8E9D-4E08-9E68-65E7A6858733}.Release|Any CPU.Build.0 = Release|Any CPU
		{B5FBE5B0-F28C-45B8-804E-ECE12A8D320A}.Debug|Any CPU.ActiveCfg = Debug|Any CPU
		{B5FBE5B0-F28C-45B8-804E-ECE12A8D320A}.Debug|Any CPU.Build.0 = Debug|Any CPU
		{B5FBE5B0-F28C-45B8-804E-ECE12A8D320A}.Release|Any CPU.ActiveCfg = Release|Any CPU
		{B5FBE5B0-F28C-45B8-804E-ECE12A8D320A}.Release|Any CPU.Build.0 = Release|Any CPU
		{2C6FC3A7-1722-483C-B662-19096C21B686}.Debug|Any CPU.ActiveCfg = Debug|Any CPU
		{2C6FC3A7-1722-483C-B662-19096C21B686}.Debug|Any CPU.Build.0 = Debug|Any CPU
		{2C6FC3A7-1722-483C-B662-19096C21B686}.Release|Any CPU.ActiveCfg = Release|Any CPU
		{2C6FC3A7-1722-483C-B662-19096C21B686}.Release|Any CPU.Build.0 = Release|Any CPU
		{BE75ACFD-A19B-4283-8F54-F29F7D56C55F}.Debug|Any CPU.ActiveCfg = Debug|Any CPU
		{BE75ACFD-A19B-4283-8F54-F29F7D56C55F}.Debug|Any CPU.Build.0 = Debug|Any CPU
		{BE75ACFD-A19B-4283-8F54-F29F7D56C55F}.Release|Any CPU.ActiveCfg = Release|Any CPU
		{BE75ACFD-A19B-4283-8F54-F29F7D56C55F}.Release|Any CPU.Build.0 = Release|Any CPU
	EndGlobalSection
	GlobalSection(SolutionProperties) = preSolution
		HideSolutionNode = FALSE
	EndGlobalSection
	GlobalSection(NestedProjects) = preSolution
		{1F53E2EB-71D2-4B83-A18B-C446E5A2ADF9} = {184BE546-A360-4FFC-984D-CBC72D33F393}
		{D2861366-AE28-4C32-9EC8-CC1761BDEB51} = {D8B73C7A-0F27-40FE-BCC6-AFFB749FB585}
		{598B2E92-3F8E-4E91-AF73-5DA3C6341293} = {D8B73C7A-0F27-40FE-BCC6-AFFB749FB585}
		{1A9FD4E5-8C70-41A9-9CF0-8B6B73F416B1} = {D8B73C7A-0F27-40FE-BCC6-AFFB749FB585}
		{DB7C3BD9-AD00-44FF-BFF9-268ED42D399C} = {D8B73C7A-0F27-40FE-BCC6-AFFB749FB585}
		{3B60FFA1-864E-4E62-B93B-4038D7866F65} = {3F5234F9-87A3-4DF4-8280-008E1A9F58DA}
		{6473C63B-B92A-4D82-B5B0-38702BD680CE} = {3F5234F9-87A3-4DF4-8280-008E1A9F58DA}
		{67A04AB9-2BED-408A-839A-83EA16CDED8F} = {6473C63B-B92A-4D82-B5B0-38702BD680CE}
		{ADD1E100-8E9D-4E08-9E68-65E7A6858733} = {6473C63B-B92A-4D82-B5B0-38702BD680CE}
		{B5FBE5B0-F28C-45B8-804E-ECE12A8D320A} = {3B60FFA1-864E-4E62-B93B-4038D7866F65}
		{2C6FC3A7-1722-483C-B662-19096C21B686} = {3B60FFA1-864E-4E62-B93B-4038D7866F65}
		{137B7CD9-CF2F-4334-90F7-D0C316196A31} = {3F5234F9-87A3-4DF4-8280-008E1A9F58DA}
		{BE75ACFD-A19B-4283-8F54-F29F7D56C55F} = {137B7CD9-CF2F-4334-90F7-D0C316196A31}
	EndGlobalSection
	GlobalSection(ExtensibilityGlobals) = postSolution
		SolutionGuid = {0B654435-DF87-4389-944B-0E15E1F90497}
	EndGlobalSection
EndGlobal
